
Microsoft Visual Studio Solution File, Format Version 12.00
# Visual Studio Version 17
VisualStudioVersion = 17.0.32112.339
MinimumVisualStudioVersion = 10.0.40219.1
Project("{FAE04EC0-301F-11D3-BF4B-00C04F79EFBC}") = "TheShop", "TheShop\TheShop.csproj", "{72C6A701-A607-4030-8A52-D004440C2AA1}"
EndProject
Project("{FAE04EC0-301F-11D3-BF4B-00C04F79EFBC}") = "TheShopInterfaces", "TheShopInterfaces\TheShopInterfaces.csproj", "{C925363B-41A3-43DA-8F9E-B806319921B6}"
EndProject
Project("{FAE04EC0-301F-11D3-BF4B-00C04F79EFBC}") = "TheShopTests", "TheShopTests\TheShopTests.csproj", "{F6524AFC-E55D-4351-856C-5E35489C2B15}"
EndProject
Project("{FAE04EC0-301F-11D3-BF4B-00C04F79EFBC}") = "TheShopImplementation", "TheShopImplementation\TheShopImplementation.csproj", "{42162DAD-0BE4-4A4E-91A2-1C9A736BC7E4}"
EndProject
Project("{FAE04EC0-301F-11D3-BF4B-00C04F79EFBC}") = "LoggerImplementation", "Logger\LoggerImplementation.csproj", "{F66EA885-8BFF-4A7C-80A6-B9FD9D348490}"
EndProject
Global
	GlobalSection(SolutionConfigurationPlatforms) = preSolution
		Debug|Any CPU = Debug|Any CPU
		Release|Any CPU = Release|Any CPU
	EndGlobalSection
	GlobalSection(ProjectConfigurationPlatforms) = postSolution
		{72C6A701-A607-4030-8A52-D004440C2AA1}.Debug|Any CPU.ActiveCfg = Debug|Any CPU
		{72C6A701-A607-4030-8A52-D004440C2AA1}.Debug|Any CPU.Build.0 = Debug|Any CPU
		{72C6A701-A607-4030-8A52-D004440C2AA1}.Release|Any CPU.ActiveCfg = Release|Any CPU
		{72C6A701-A607-4030-8A52-D004440C2AA1}.Release|Any CPU.Build.0 = Release|Any CPU
		{C925363B-41A3-43DA-8F9E-B806319921B6}.Debug|Any CPU.ActiveCfg = Debug|Any CPU
		{C925363B-41A3-43DA-8F9E-B806319921B6}.Debug|Any CPU.Build.0 = Debug|Any CPU
		{C925363B-41A3-43DA-8F9E-B806319921B6}.Release|Any CPU.ActiveCfg = Release|Any CPU
		{C925363B-41A3-43DA-8F9E-B806319921B6}.Release|Any CPU.Build.0 = Release|Any CPU
		{F6524AFC-E55D-4351-856C-5E35489C2B15}.Debug|Any CPU.ActiveCfg = Debug|Any CPU
		{F6524AFC-E55D-4351-856C-5E35489C2B15}.Debug|Any CPU.Build.0 = Debug|Any CPU
		{F6524AFC-E55D-4351-856C-5E35489C2B15}.Release|Any CPU.ActiveCfg = Release|Any CPU
		{F6524AFC-E55D-4351-856C-5E35489C2B15}.Release|Any CPU.Build.0 = Release|Any CPU
		{42162DAD-0BE4-4A4E-91A2-1C9A736BC7E4}.Debug|Any CPU.ActiveCfg = Debug|Any CPU
		{42162DAD-0BE4-4A4E-91A2-1C9A736BC7E4}.Debug|Any CPU.Build.0 = Debug|Any CPU
		{42162DAD-0BE4-4A4E-91A2-1C9A736BC7E4}.Release|Any CPU.ActiveCfg = Release|Any CPU
		{42162DAD-0BE4-4A4E-91A2-1C9A736BC7E4}.Release|Any CPU.Build.0 = Release|Any CPU
		{F66EA885-8BFF-4A7C-80A6-B9FD9D348490}.Debug|Any CPU.ActiveCfg = Debug|Any CPU
		{F66EA885-8BFF-4A7C-80A6-B9FD9D348490}.Debug|Any CPU.Build.0 = Debug|Any CPU
		{F66EA885-8BFF-4A7C-80A6-B9FD9D348490}.Release|Any CPU.ActiveCfg = Release|Any CPU
		{F66EA885-8BFF-4A7C-80A6-B9FD9D348490}.Release|Any CPU.Build.0 = Release|Any CPU
	EndGlobalSection
	GlobalSection(SolutionProperties) = preSolution
		HideSolutionNode = FALSE
	EndGlobalSection
	GlobalSection(ExtensibilityGlobals) = postSolution
		SolutionGuid = {07E09649-B888-400D-BDBB-51D31D5C8F4D}
	EndGlobalSection
EndGlobal
